
Microsoft Visual Studio Solution File, Format Version 12.00
# Visual Studio Version 17
VisualStudioVersion = 17.14.36408.4 d17.14
MinimumVisualStudioVersion = 10.0.40219.1
Project("{FAE04EC0-301F-11D3-BF4B-00C04F79EFBC}") = "appExemplo1POO", "appExemplo1POO\appExemplo1POO.csproj", "{0DD62BAE-15A7-4E93-975D-60BF42E9018D}"
EndProject
Global
	GlobalSection(SolutionConfigurationPlatforms) = preSolution
		Debug|Any CPU = Debug|Any CPU
		Release|Any CPU = Release|Any CPU
	EndGlobalSection
	GlobalSection(ProjectConfigurationPlatforms) = postSolution
		{0DD62BAE-15A7-4E93-975D-60BF42E9018D}.Debug|Any CPU.ActiveCfg = Debug|Any CPU
		{0DD62BAE-15A7-4E93-975D-60BF42E9018D}.Debug|Any CPU.Build.0 = Debug|Any CPU
		{0DD62BAE-15A7-4E93-975D-60BF42E9018D}.Release|Any CPU.ActiveCfg = Release|Any CPU
		{0DD62BAE-15A7-4E93-975D-60BF42E9018D}.Release|Any CPU.Build.0 = Release|Any CPU
	EndGlobalSection
	GlobalSection(SolutionProperties) = preSolution
		HideSolutionNode = FALSE
	EndGlobalSection
	GlobalSection(ExtensibilityGlobals) = postSolution
		SolutionGuid = {8D310355-1921-46A9-B8DF-5FFA1A7E9354}
	EndGlobalSection
EndGlobal
