
Microsoft Visual Studio Solution File, Format Version 12.00
# Visual Studio Version 17
VisualStudioVersion = 17.14.36408.4 d17.14
MinimumVisualStudioVersion = 10.0.40219.1
Project("{FAE04EC0-301F-11D3-BF4B-00C04F79EFBC}") = "appExercicio8", "appExercicio8\appExercicio8.csproj", "{6A6315A7-6E35-4CE7-8054-937F233D6EA3}"
EndProject
Global
	GlobalSection(SolutionConfigurationPlatforms) = preSolution
		Debug|Any CPU = Debug|Any CPU
		Release|Any CPU = Release|Any CPU
	EndGlobalSection
	GlobalSection(ProjectConfigurationPlatforms) = postSolution
		{6A6315A7-6E35-4CE7-8054-937F233D6EA3}.Debug|Any CPU.ActiveCfg = Debug|Any CPU
		{6A6315A7-6E35-4CE7-8054-937F233D6EA3}.Debug|Any CPU.Build.0 = Debug|Any CPU
		{6A6315A7-6E35-4CE7-8054-937F233D6EA3}.Release|Any CPU.ActiveCfg = Release|Any CPU
		{6A6315A7-6E35-4CE7-8054-937F233D6EA3}.Release|Any CPU.Build.0 = Release|Any CPU
	EndGlobalSection
	GlobalSection(SolutionProperties) = preSolution
		HideSolutionNode = FALSE
	EndGlobalSection
	GlobalSection(ExtensibilityGlobals) = postSolution
		SolutionGuid = {D37B2A37-074C-4A5F-B5EF-FC104D6D1848}
	EndGlobalSection
EndGlobal
