
Microsoft Visual Studio Solution File, Format Version 12.00
# Visual Studio Version 17
VisualStudioVersion = 17.14.36408.4 d17.14
MinimumVisualStudioVersion = 10.0.40219.1
Project("{FAE04EC0-301F-11D3-BF4B-00C04F79EFBC}") = "webAPIExercicio6", "webAPIExercicio6\webAPIExercicio6.csproj", "{273DB78F-1E08-470A-90C6-A3DD47312596}"
EndProject
Global
	GlobalSection(SolutionConfigurationPlatforms) = preSolution
		Debug|Any CPU = Debug|Any CPU
		Release|Any CPU = Release|Any CPU
	EndGlobalSection
	GlobalSection(ProjectConfigurationPlatforms) = postSolution
		{273DB78F-1E08-470A-90C6-A3DD47312596}.Debug|Any CPU.ActiveCfg = Debug|Any CPU
		{273DB78F-1E08-470A-90C6-A3DD47312596}.Debug|Any CPU.Build.0 = Debug|Any CPU
		{273DB78F-1E08-470A-90C6-A3DD47312596}.Release|Any CPU.ActiveCfg = Release|Any CPU
		{273DB78F-1E08-470A-90C6-A3DD47312596}.Release|Any CPU.Build.0 = Release|Any CPU
	EndGlobalSection
	GlobalSection(SolutionProperties) = preSolution
		HideSolutionNode = FALSE
	EndGlobalSection
	GlobalSection(ExtensibilityGlobals) = postSolution
		SolutionGuid = {9795975D-71FC-471A-BB1D-E7E68E7787F9}
	EndGlobalSection
EndGlobal
