
Microsoft Visual Studio Solution File, Format Version 12.00
# Visual Studio Version 17
VisualStudioVersion = 17.14.36408.4 d17.14
MinimumVisualStudioVersion = 10.0.40219.1
Project("{FAE04EC0-301F-11D3-BF4B-00C04F79EFBC}") = "appExercicio5", "appExercicio5\appExercicio5.csproj", "{928642DA-7269-4C10-863E-242249E9D2CD}"
EndProject
Global
	GlobalSection(SolutionConfigurationPlatforms) = preSolution
		Debug|Any CPU = Debug|Any CPU
		Release|Any CPU = Release|Any CPU
	EndGlobalSection
	GlobalSection(ProjectConfigurationPlatforms) = postSolution
		{928642DA-7269-4C10-863E-242249E9D2CD}.Debug|Any CPU.ActiveCfg = Debug|Any CPU
		{928642DA-7269-4C10-863E-242249E9D2CD}.Debug|Any CPU.Build.0 = Debug|Any CPU
		{928642DA-7269-4C10-863E-242249E9D2CD}.Release|Any CPU.ActiveCfg = Release|Any CPU
		{928642DA-7269-4C10-863E-242249E9D2CD}.Release|Any CPU.Build.0 = Release|Any CPU
	EndGlobalSection
	GlobalSection(SolutionProperties) = preSolution
		HideSolutionNode = FALSE
	EndGlobalSection
	GlobalSection(ExtensibilityGlobals) = postSolution
		SolutionGuid = {379AABB2-F10A-4BFD-9C97-908989F8A701}
	EndGlobalSection
EndGlobal
