
Microsoft Visual Studio Solution File, Format Version 12.00
# Visual Studio Version 17
VisualStudioVersion = 17.14.36408.4 d17.14
MinimumVisualStudioVersion = 10.0.40219.1
Project("{FAE04EC0-301F-11D3-BF4B-00C04F79EFBC}") = "appVetoresSoma5Numeros", "appVetoresSoma5Numeros\appVetoresSoma5Numeros.csproj", "{72FB836C-71D1-402E-BD0A-767EB47D0D23}"
EndProject
Global
	GlobalSection(SolutionConfigurationPlatforms) = preSolution
		Debug|Any CPU = Debug|Any CPU
		Release|Any CPU = Release|Any CPU
	EndGlobalSection
	GlobalSection(ProjectConfigurationPlatforms) = postSolution
		{72FB836C-71D1-402E-BD0A-767EB47D0D23}.Debug|Any CPU.ActiveCfg = Debug|Any CPU
		{72FB836C-71D1-402E-BD0A-767EB47D0D23}.Debug|Any CPU.Build.0 = Debug|Any CPU
		{72FB836C-71D1-402E-BD0A-767EB47D0D23}.Release|Any CPU.ActiveCfg = Release|Any CPU
		{72FB836C-71D1-402E-BD0A-767EB47D0D23}.Release|Any CPU.Build.0 = Release|Any CPU
	EndGlobalSection
	GlobalSection(SolutionProperties) = preSolution
		HideSolutionNode = FALSE
	EndGlobalSection
	GlobalSection(ExtensibilityGlobals) = postSolution
		SolutionGuid = {537235D5-FD7B-4B72-980E-D1871E5D236D}
	EndGlobalSection
EndGlobal
